
Microsoft Visual Studio Solution File, Format Version 12.00
# Visual Studio Version 17
VisualStudioVersion = 17.4.33213.308
MinimumVisualStudioVersion = 10.0.40219.1
Project("{FAE04EC0-301F-11D3-BF4B-00C04F79EFBC}") = "Auction.MVC", "Auction.MVC\Auction.MVC.csproj", "{CD30259F-5181-4544-BEAB-ABE98FD9D827}"
EndProject
Project("{FAE04EC0-301F-11D3-BF4B-00C04F79EFBC}") = "Auction.API", "Auction.API\Auction.API.csproj", "{AB020EF5-1893-468A-8DC9-6F37DA461EAC}"
EndProject
Global
	GlobalSection(SolutionConfigurationPlatforms) = preSolution
		Debug|Any CPU = Debug|Any CPU
		Release|Any CPU = Release|Any CPU
	EndGlobalSection
	GlobalSection(ProjectConfigurationPlatforms) = postSolution
		{CD30259F-5181-4544-BEAB-ABE98FD9D827}.Debug|Any CPU.ActiveCfg = Debug|Any CPU
		{CD30259F-5181-4544-BEAB-ABE98FD9D827}.Debug|Any CPU.Build.0 = Debug|Any CPU
		{CD30259F-5181-4544-BEAB-ABE98FD9D827}.Release|Any CPU.ActiveCfg = Release|Any CPU
		{CD30259F-5181-4544-BEAB-ABE98FD9D827}.Release|Any CPU.Build.0 = Release|Any CPU
		{AB020EF5-1893-468A-8DC9-6F37DA461EAC}.Debug|Any CPU.ActiveCfg = Debug|Any CPU
		{AB020EF5-1893-468A-8DC9-6F37DA461EAC}.Debug|Any CPU.Build.0 = Debug|Any CPU
		{AB020EF5-1893-468A-8DC9-6F37DA461EAC}.Release|Any CPU.ActiveCfg = Release|Any CPU
		{AB020EF5-1893-468A-8DC9-6F37DA461EAC}.Release|Any CPU.Build.0 = Release|Any CPU
	EndGlobalSection
	GlobalSection(SolutionProperties) = preSolution
		HideSolutionNode = FALSE
	EndGlobalSection
	GlobalSection(ExtensibilityGlobals) = postSolution
		SolutionGuid = {48B17756-D43A-4547-A604-CCCBD78707BA}
	EndGlobalSection
EndGlobal
